
Microsoft Visual Studio Solution File, Format Version 12.00
# Visual Studio Version 17
VisualStudioVersion = 17.9.34622.214
MinimumVisualStudioVersion = 10.0.40219.1
Project("{FAE04EC0-301F-11D3-BF4B-00C04F79EFBC}") = "Clases-y-objetos", "Clases-y-objetos.csproj", "{5F4117CB-FF96-4438-9EF8-B76B176F3BE6}"
EndProject
Global
	GlobalSection(SolutionConfigurationPlatforms) = preSolution
		Debug|Any CPU = Debug|Any CPU
		Release|Any CPU = Release|Any CPU
	EndGlobalSection
	GlobalSection(ProjectConfigurationPlatforms) = postSolution
		{5F4117CB-FF96-4438-9EF8-B76B176F3BE6}.Debug|Any CPU.ActiveCfg = Debug|Any CPU
		{5F4117CB-FF96-4438-9EF8-B76B176F3BE6}.Debug|Any CPU.Build.0 = Debug|Any CPU
		{5F4117CB-FF96-4438-9EF8-B76B176F3BE6}.Release|Any CPU.ActiveCfg = Release|Any CPU
		{5F4117CB-FF96-4438-9EF8-B76B176F3BE6}.Release|Any CPU.Build.0 = Release|Any CPU
	EndGlobalSection
	GlobalSection(SolutionProperties) = preSolution
		HideSolutionNode = FALSE
	EndGlobalSection
	GlobalSection(ExtensibilityGlobals) = postSolution
		SolutionGuid = {FB41A97C-E165-4D0E-A90F-DF9EBBBB8D44}
	EndGlobalSection
EndGlobal
