
Microsoft Visual Studio Solution File, Format Version 12.00
# Visual Studio Version 17
VisualStudioVersion = 17.9.34622.214
MinimumVisualStudioVersion = 10.0.40219.1
Project("{FAE04EC0-301F-11D3-BF4B-00C04F79EFBC}") = "Program", "Program.csproj", "{3CB11AEF-84AE-4F4B-8878-005D42CDBEDD}"
EndProject
Global
	GlobalSection(SolutionConfigurationPlatforms) = preSolution
		Debug|Any CPU = Debug|Any CPU
		Release|Any CPU = Release|Any CPU
	EndGlobalSection
	GlobalSection(ProjectConfigurationPlatforms) = postSolution
		{3CB11AEF-84AE-4F4B-8878-005D42CDBEDD}.Debug|Any CPU.ActiveCfg = Debug|Any CPU
		{3CB11AEF-84AE-4F4B-8878-005D42CDBEDD}.Debug|Any CPU.Build.0 = Debug|Any CPU
		{3CB11AEF-84AE-4F4B-8878-005D42CDBEDD}.Release|Any CPU.ActiveCfg = Release|Any CPU
		{3CB11AEF-84AE-4F4B-8878-005D42CDBEDD}.Release|Any CPU.Build.0 = Release|Any CPU
	EndGlobalSection
	GlobalSection(SolutionProperties) = preSolution
		HideSolutionNode = FALSE
	EndGlobalSection
	GlobalSection(ExtensibilityGlobals) = postSolution
		SolutionGuid = {D604A3B6-5757-4C4A-A57A-B3C962453FB8}
	EndGlobalSection
EndGlobal
