
Microsoft Visual Studio Solution File, Format Version 12.00
# Visual Studio Version 17
VisualStudioVersion = 17.9.34622.214
MinimumVisualStudioVersion = 10.0.40219.1
Project("{FAE04EC0-301F-11D3-BF4B-00C04F79EFBC}") = "metodoParallel", "metodoParallel.csproj", "{0157EF65-E13D-47C2-8BD8-A87F70231B45}"
EndProject
Global
	GlobalSection(SolutionConfigurationPlatforms) = preSolution
		Debug|Any CPU = Debug|Any CPU
		Release|Any CPU = Release|Any CPU
	EndGlobalSection
	GlobalSection(ProjectConfigurationPlatforms) = postSolution
		{0157EF65-E13D-47C2-8BD8-A87F70231B45}.Debug|Any CPU.ActiveCfg = Debug|Any CPU
		{0157EF65-E13D-47C2-8BD8-A87F70231B45}.Debug|Any CPU.Build.0 = Debug|Any CPU
		{0157EF65-E13D-47C2-8BD8-A87F70231B45}.Release|Any CPU.ActiveCfg = Release|Any CPU
		{0157EF65-E13D-47C2-8BD8-A87F70231B45}.Release|Any CPU.Build.0 = Release|Any CPU
	EndGlobalSection
	GlobalSection(SolutionProperties) = preSolution
		HideSolutionNode = FALSE
	EndGlobalSection
	GlobalSection(ExtensibilityGlobals) = postSolution
		SolutionGuid = {C034F3CD-923E-4FFF-A533-74967EB56206}
	EndGlobalSection
EndGlobal
